
Microsoft Visual Studio Solution File, Format Version 10.00
# Visual Studio 2008
Project("{FAE04EC0-301F-11D3-BF4B-00C04F79EFBC}") = "GuessTheSong", "GuessTheSong.csproj", "{FDB9CDCE-4E66-407E-818C-C51B8C4A0B46}"
EndProject
Global
	GlobalSection(SubversionScc) = preSolution
		Svn-Managed = True
		Manager = AnkhSVN - Subversion Support for Visual Studio
	EndGlobalSection
	GlobalSection(SolutionConfigurationPlatforms) = preSolution
		Debug|Any CPU = Debug|Any CPU
		Release|Any CPU = Release|Any CPU
	EndGlobalSection
	GlobalSection(ProjectConfigurationPlatforms) = postSolution
		{FDB9CDCE-4E66-407E-818C-C51B8C4A0B46}.Debug|Any CPU.ActiveCfg = Debug|Any CPU
		{FDB9CDCE-4E66-407E-818C-C51B8C4A0B46}.Debug|Any CPU.Build.0 = Debug|Any CPU
		{FDB9CDCE-4E66-407E-818C-C51B8C4A0B46}.Release|Any CPU.ActiveCfg = Release|Any CPU
		{FDB9CDCE-4E66-407E-818C-C51B8C4A0B46}.Release|Any CPU.Build.0 = Release|Any CPU
	EndGlobalSection
	GlobalSection(SolutionProperties) = preSolution
		HideSolutionNode = FALSE
	EndGlobalSection
EndGlobal
